
Microsoft Visual Studio Solution File, Format Version 12.00
# Visual Studio 14
VisualStudioVersion = 14.0.24720.0
MinimumVisualStudioVersion = 10.0.40219.1
Project("{FAE04EC0-301F-11D3-BF4B-00C04F79EFBC}") = "Server", "Server\Server.csproj", "{EC032E8A-DE92-4E06-BE78-DA37F473EEF6}"
EndProject
Project("{FAE04EC0-301F-11D3-BF4B-00C04F79EFBC}") = "Client", "Client\Client.csproj", "{5D493211-86D6-4EFD-A326-C18222258FBC}"
EndProject
Global
	GlobalSection(SolutionConfigurationPlatforms) = preSolution
		Debug|Any CPU = Debug|Any CPU
		Release|Any CPU = Release|Any CPU
	EndGlobalSection
	GlobalSection(ProjectConfigurationPlatforms) = postSolution
		{EC032E8A-DE92-4E06-BE78-DA37F473EEF6}.Debug|Any CPU.ActiveCfg = Debug|Any CPU
		{EC032E8A-DE92-4E06-BE78-DA37F473EEF6}.Debug|Any CPU.Build.0 = Debug|Any CPU
		{EC032E8A-DE92-4E06-BE78-DA37F473EEF6}.Release|Any CPU.ActiveCfg = Release|Any CPU
		{EC032E8A-DE92-4E06-BE78-DA37F473EEF6}.Release|Any CPU.Build.0 = Release|Any CPU
		{5D493211-86D6-4EFD-A326-C18222258FBC}.Debug|Any CPU.ActiveCfg = Debug|Any CPU
		{5D493211-86D6-4EFD-A326-C18222258FBC}.Debug|Any CPU.Build.0 = Debug|Any CPU
		{5D493211-86D6-4EFD-A326-C18222258FBC}.Release|Any CPU.ActiveCfg = Release|Any CPU
		{5D493211-86D6-4EFD-A326-C18222258FBC}.Release|Any CPU.Build.0 = Release|Any CPU
	EndGlobalSection
	GlobalSection(SolutionProperties) = preSolution
		HideSolutionNode = FALSE
	EndGlobalSection
EndGlobal
